
Microsoft Visual Studio Solution File, Format Version 12.00
# Visual Studio Version 17
VisualStudioVersion = 17.9.34701.34
MinimumVisualStudioVersion = 10.0.40219.1
Project("{9A19103F-16F7-4668-BE54-9A1E7A4F7556}") = "Learnum.ERP.API", "Learnum.ERP.API\Learnum.ERP.API.csproj", "{D19621B2-46D9-4300-8F0C-A2B3BE4FEA44}"
EndProject
Project("{9A19103F-16F7-4668-BE54-9A1E7A4F7556}") = "Learnum.ERP.Repository", "Learnum.ERP.Repository\Learnum.ERP.Repository.csproj", "{4E0BB05A-7D19-4FBA-A79F-97F88F0F8E57}"
EndProject
Project("{9A19103F-16F7-4668-BE54-9A1E7A4F7556}") = "Learnum.ERP.Shared", "Learnum.ERP.Shared\Learnum.ERP.Shared.csproj", "{9ADC74DD-FA44-4702-ABBC-526358E47ED6}"
EndProject
Global
	GlobalSection(SolutionConfigurationPlatforms) = preSolution
		Debug|Any CPU = Debug|Any CPU
		Release|Any CPU = Release|Any CPU
	EndGlobalSection
	GlobalSection(ProjectConfigurationPlatforms) = postSolution
		{D19621B2-46D9-4300-8F0C-A2B3BE4FEA44}.Debug|Any CPU.ActiveCfg = Debug|Any CPU
		{D19621B2-46D9-4300-8F0C-A2B3BE4FEA44}.Debug|Any CPU.Build.0 = Debug|Any CPU
		{D19621B2-46D9-4300-8F0C-A2B3BE4FEA44}.Release|Any CPU.ActiveCfg = Release|Any CPU
		{D19621B2-46D9-4300-8F0C-A2B3BE4FEA44}.Release|Any CPU.Build.0 = Release|Any CPU
		{4E0BB05A-7D19-4FBA-A79F-97F88F0F8E57}.Debug|Any CPU.ActiveCfg = Debug|Any CPU
		{4E0BB05A-7D19-4FBA-A79F-97F88F0F8E57}.Debug|Any CPU.Build.0 = Debug|Any CPU
		{4E0BB05A-7D19-4FBA-A79F-97F88F0F8E57}.Release|Any CPU.ActiveCfg = Release|Any CPU
		{4E0BB05A-7D19-4FBA-A79F-97F88F0F8E57}.Release|Any CPU.Build.0 = Release|Any CPU
		{9ADC74DD-FA44-4702-ABBC-526358E47ED6}.Debug|Any CPU.ActiveCfg = Debug|Any CPU
		{9ADC74DD-FA44-4702-ABBC-526358E47ED6}.Debug|Any CPU.Build.0 = Debug|Any CPU
		{9ADC74DD-FA44-4702-ABBC-526358E47ED6}.Release|Any CPU.ActiveCfg = Release|Any CPU
		{9ADC74DD-FA44-4702-ABBC-526358E47ED6}.Release|Any CPU.Build.0 = Release|Any CPU
	EndGlobalSection
	GlobalSection(SolutionProperties) = preSolution
		HideSolutionNode = FALSE
	EndGlobalSection
	GlobalSection(ExtensibilityGlobals) = postSolution
		SolutionGuid = {70B54154-7AB9-438F-B9DD-DEC2086C98CF}
	EndGlobalSection
EndGlobal
