
Microsoft Visual Studio Solution File, Format Version 12.00
# Visual Studio Version 17
VisualStudioVersion = 17.9.34701.34
MinimumVisualStudioVersion = 10.0.40219.1
Project("{FAE04EC0-301F-11D3-BF4B-00C04F79EFBC}") = "Learnum.ERP.API", "Learnum.ERP.API\Learnum.ERP.API.csproj", "{273414D0-2260-4365-AD87-973E8A7CC308}"
EndProject
Project("{FAE04EC0-301F-11D3-BF4B-00C04F79EFBC}") = "Learnum.ERP.Repository", "Learnum.ERP.Repository\Learnum.ERP.Repository.csproj", "{02CA01BB-0981-4D00-B203-7F11D05FCA9B}"
EndProject
Project("{FAE04EC0-301F-11D3-BF4B-00C04F79EFBC}") = "Learnum.ERP.Shared", "Learnum.ERP.Shared\Learnum.ERP.Shared.csproj", "{EE9FAF92-84D5-4ED5-92B0-FF1FC1354123}"
EndProject
Global
	GlobalSection(SolutionConfigurationPlatforms) = preSolution
		Debug|Any CPU = Debug|Any CPU
		Release|Any CPU = Release|Any CPU
	EndGlobalSection
	GlobalSection(ProjectConfigurationPlatforms) = postSolution
		{273414D0-2260-4365-AD87-973E8A7CC308}.Debug|Any CPU.ActiveCfg = Debug|Any CPU
		{273414D0-2260-4365-AD87-973E8A7CC308}.Debug|Any CPU.Build.0 = Debug|Any CPU
		{273414D0-2260-4365-AD87-973E8A7CC308}.Release|Any CPU.ActiveCfg = Release|Any CPU
		{273414D0-2260-4365-AD87-973E8A7CC308}.Release|Any CPU.Build.0 = Release|Any CPU
		{02CA01BB-0981-4D00-B203-7F11D05FCA9B}.Debug|Any CPU.ActiveCfg = Debug|Any CPU
		{02CA01BB-0981-4D00-B203-7F11D05FCA9B}.Debug|Any CPU.Build.0 = Debug|Any CPU
		{02CA01BB-0981-4D00-B203-7F11D05FCA9B}.Release|Any CPU.ActiveCfg = Release|Any CPU
		{02CA01BB-0981-4D00-B203-7F11D05FCA9B}.Release|Any CPU.Build.0 = Release|Any CPU
		{EE9FAF92-84D5-4ED5-92B0-FF1FC1354123}.Debug|Any CPU.ActiveCfg = Debug|Any CPU
		{EE9FAF92-84D5-4ED5-92B0-FF1FC1354123}.Debug|Any CPU.Build.0 = Debug|Any CPU
		{EE9FAF92-84D5-4ED5-92B0-FF1FC1354123}.Release|Any CPU.ActiveCfg = Release|Any CPU
		{EE9FAF92-84D5-4ED5-92B0-FF1FC1354123}.Release|Any CPU.Build.0 = Release|Any CPU
	EndGlobalSection
	GlobalSection(SolutionProperties) = preSolution
		HideSolutionNode = FALSE
	EndGlobalSection
	GlobalSection(ExtensibilityGlobals) = postSolution
		SolutionGuid = {2111D7BD-299F-42A6-BA07-0DDB5D2026F5}
	EndGlobalSection
EndGlobal
